{
  "name": "project",
  "lockfileVersion": 3,
  "requires": true,
  "packages": {
    "": {
      "name": "project",
      "dependencies": {
        "@hono/standard-validator": "^0.2.1",
        "@hono/swagger-ui": "^0.5.2",
        "backend": "^0.0.0",
        "hono-openapi": "^1.1.2",
        "install": "^0.13.0",
        "pnpm": "^10.26.1"
      },
      "devDependencies": {
        "prettier": "^3.7.4",
        "turbo": "^2.6.3",
        "typescript": "5.9.2"
      },
      "engines": {
        "node": ">=18"
      }
    },
    "node_modules/@hono/standard-validator": {
      "version": "0.2.1",
      "resolved": "https://registry.npmjs.org/@hono/standard-validator/-/standard-validator-0.2.1.tgz",
      "integrity": "sha512-uF1W7/iSWi0r5Mugj5ZzdlCVp/KeGatS6JYt+Eht9xKO0IDtdZbdaLApgjrzHINQQa+Wnxw2pcX6EfO+vgB+Wg==",
      "license": "MIT",
      "peerDependencies": {
        "@standard-schema/spec": "1.0.0",
        "hono": ">=3.9.0"
      }
    },
    "node_modules/@hono/swagger-ui": {
      "version": "0.5.2",
      "resolved": "https://registry.npmjs.org/@hono/swagger-ui/-/swagger-ui-0.5.2.tgz",
      "integrity": "sha512-7wxLKdb8h7JTdZ+K8DJNE3KXQMIpJejkBTQjrYlUWF28Z1PGOKw6kUykARe5NTfueIN37jbyG/sBYsbzXzG53A==",
      "license": "MIT",
      "peerDependencies": {
        "hono": "*"
      }
    },
    "node_modules/@standard-community/standard-json": {
      "version": "0.3.5",
      "resolved": "https://registry.npmjs.org/@standard-community/standard-json/-/standard-json-0.3.5.tgz",
      "integrity": "sha512-4+ZPorwDRt47i+O7RjyuaxHRK/37QY/LmgxlGrRrSTLYoFatEOzvqIc85GTlM18SFZ5E91C+v0o/M37wZPpUHA==",
      "license": "MIT",
      "peer": true,
      "peerDependencies": {
        "@standard-schema/spec": "^1.0.0",
        "@types/json-schema": "^7.0.15",
        "@valibot/to-json-schema": "^1.3.0",
        "arktype": "^2.1.20",
        "effect": "^3.16.8",
        "quansync": "^0.2.11",
        "sury": "^10.0.0",
        "typebox": "^1.0.17",
        "valibot": "^1.1.0",
        "zod": "^3.25.0 || ^4.0.0",
        "zod-to-json-schema": "^3.24.5"
      },
      "peerDependenciesMeta": {
        "@valibot/to-json-schema": {
          "optional": true
        },
        "arktype": {
          "optional": true
        },
        "effect": {
          "optional": true
        },
        "sury": {
          "optional": true
        },
        "typebox": {
          "optional": true
        },
        "valibot": {
          "optional": true
        },
        "zod": {
          "optional": true
        },
        "zod-to-json-schema": {
          "optional": true
        }
      }
    },
    "node_modules/@standard-community/standard-openapi": {
      "version": "0.2.9",
      "resolved": "https://registry.npmjs.org/@standard-community/standard-openapi/-/standard-openapi-0.2.9.tgz",
      "integrity": "sha512-htj+yldvN1XncyZi4rehbf9kLbu8os2Ke/rfqoZHCMHuw34kiF3LP/yQPdA0tQ940y8nDq3Iou8R3wG+AGGyvg==",
      "license": "MIT",
      "peer": true,
      "peerDependencies": {
        "@standard-community/standard-json": "^0.3.5",
        "@standard-schema/spec": "^1.0.0",
        "arktype": "^2.1.20",
        "effect": "^3.17.14",
        "openapi-types": "^12.1.3",
        "sury": "^10.0.0",
        "typebox": "^1.0.0",
        "valibot": "^1.1.0",
        "zod": "^3.25.0 || ^4.0.0",
        "zod-openapi": "^4"
      },
      "peerDependenciesMeta": {
        "arktype": {
          "optional": true
        },
        "effect": {
          "optional": true
        },
        "sury": {
          "optional": true
        },
        "typebox": {
          "optional": true
        },
        "valibot": {
          "optional": true
        },
        "zod": {
          "optional": true
        },
        "zod-openapi": {
          "optional": true
        }
      }
    },
    "node_modules/@standard-schema/spec": {
      "version": "1.0.0",
      "resolved": "https://registry.npmjs.org/@standard-schema/spec/-/spec-1.0.0.tgz",
      "integrity": "sha512-m2bOd0f2RT9k8QJx1JN85cZYyH1RqFBdlwtkSlf4tBDYLCiiZnv1fIIwacK6cqwXavOydf0NPToMQgpKq+dVlA==",
      "license": "MIT",
      "peer": true
    },
    "node_modules/@types/json-schema": {
      "version": "7.0.15",
      "resolved": "https://registry.npmjs.org/@types/json-schema/-/json-schema-7.0.15.tgz",
      "integrity": "sha512-5+fP8P8MFNC+AyZCDxrB2pkZFPGzqQWUzpSeuuVLvm8VMcorNYavBqoFcxK8bQz4Qsbn4oUEEem4wDLfcysGHA==",
      "license": "MIT",
      "peer": true
    },
    "node_modules/backend": {
      "version": "0.0.0",
      "resolved": "https://registry.npmjs.org/backend/-/backend-0.0.0.tgz",
      "integrity": "sha512-Fq2aG5+zmmsKv2Dhm3ijAU5spnKOb5ldJlnnC/Vhk6n8In6zaq9eCPBMRiz2j94P/r84QEaBmtwh9tjaDPiQqg==",
      "license": "BSD"
    },
    "node_modules/hono": {
      "version": "4.11.1",
      "resolved": "https://registry.npmjs.org/hono/-/hono-4.11.1.tgz",
      "integrity": "sha512-KsFcH0xxHes0J4zaQgWbYwmz3UPOOskdqZmItstUG93+Wk1ePBLkLGwbP9zlmh1BFUiL8Qp+Xfu9P7feJWpGNg==",
      "license": "MIT",
      "peer": true,
      "engines": {
        "node": ">=16.9.0"
      }
    },
    "node_modules/hono-openapi": {
      "version": "1.1.2",
      "resolved": "https://registry.npmjs.org/hono-openapi/-/hono-openapi-1.1.2.tgz",
      "integrity": "sha512-toUcO60MftRBxqcVyxsHNYs2m4vf4xkQaiARAucQx3TiBPDtMNNkoh+C4I1vAretQZiGyaLOZNWn1YxfSyUA5g==",
      "license": "MIT",
      "peerDependencies": {
        "@hono/standard-validator": "^0.2.0",
        "@standard-community/standard-json": "^0.3.5",
        "@standard-community/standard-openapi": "^0.2.9",
        "@types/json-schema": "^7.0.15",
        "hono": "^4.8.3",
        "openapi-types": "^12.1.3"
      },
      "peerDependenciesMeta": {
        "@hono/standard-validator": {
          "optional": true
        },
        "hono": {
          "optional": true
        }
      }
    },
    "node_modules/install": {
      "version": "0.13.0",
      "resolved": "https://registry.npmjs.org/install/-/install-0.13.0.tgz",
      "integrity": "sha512-zDml/jzr2PKU9I8J/xyZBQn8rPCAY//UOYNmR01XwNwyfhEWObo2SWfSl1+0tm1u6PhxLwDnfsT/6jB7OUxqFA==",
      "license": "MIT",
      "engines": {
        "node": ">= 0.10"
      }
    },
    "node_modules/openapi-types": {
      "version": "12.1.3",
      "resolved": "https://registry.npmjs.org/openapi-types/-/openapi-types-12.1.3.tgz",
      "integrity": "sha512-N4YtSYJqghVu4iek2ZUvcN/0aqH1kRDuNqzcycDxhOUpg7GdvLa2F3DgS6yBNhInhv2r/6I0Flkn7CqL8+nIcw==",
      "license": "MIT",
      "peer": true
    },
    "node_modules/pnpm": {
      "version": "10.26.1",
      "resolved": "https://registry.npmjs.org/pnpm/-/pnpm-10.26.1.tgz",
      "integrity": "sha512-ZkB0q8Nn0skyT9wYA3CXzgqPEmA0Fg9wmSjp6fldmHFDRwROXDFk1lvV2mxZxr42KxB1Rikqjuy3mZGW5c5Y+g==",
      "license": "MIT",
      "bin": {
        "pnpm": "bin/pnpm.cjs",
        "pnpx": "bin/pnpx.cjs"
      },
      "engines": {
        "node": ">=18.12"
      },
      "funding": {
        "url": "https://opencollective.com/pnpm"
      }
    },
    "node_modules/prettier": {
      "version": "3.7.4",
      "resolved": "https://registry.npmjs.org/prettier/-/prettier-3.7.4.tgz",
      "integrity": "sha512-v6UNi1+3hSlVvv8fSaoUbggEM5VErKmmpGA7Pl3HF8V6uKY7rvClBOJlH6yNwQtfTueNkGVpOv/mtWL9L4bgRA==",
      "dev": true,
      "license": "MIT",
      "bin": {
        "prettier": "bin/prettier.cjs"
      },
      "engines": {
        "node": ">=14"
      },
      "funding": {
        "url": "https://github.com/prettier/prettier?sponsor=1"
      }
    },
    "node_modules/quansync": {
      "version": "0.2.11",
      "resolved": "https://registry.npmjs.org/quansync/-/quansync-0.2.11.tgz",
      "integrity": "sha512-AifT7QEbW9Nri4tAwR5M/uzpBuqfZf+zwaEM/QkzEjj7NBuFD2rBuy0K3dE+8wltbezDV7JMA0WfnCPYRSYbXA==",
      "funding": [
        {
          "type": "individual",
          "url": "https://github.com/sponsors/antfu"
        },
        {
          "type": "individual",
          "url": "https://github.com/sponsors/sxzz"
        }
      ],
      "license": "MIT",
      "peer": true
    },
    "node_modules/turbo": {
      "version": "2.7.0",
      "resolved": "https://registry.npmjs.org/turbo/-/turbo-2.7.0.tgz",
      "integrity": "sha512-1dUGwi6cSSVZts1BwJa/Gh7w5dPNNGsNWZEAuRKxXWME44hTKWpQZrgiPnqMc5jJJOovzPK5N6tL+PHYRYL5Wg==",
      "dev": true,
      "license": "MIT",
      "bin": {
        "turbo": "bin/turbo"
      },
      "optionalDependencies": {
        "turbo-darwin-64": "2.7.0",
        "turbo-darwin-arm64": "2.7.0",
        "turbo-linux-64": "2.7.0",
        "turbo-linux-arm64": "2.7.0",
        "turbo-windows-64": "2.7.0",
        "turbo-windows-arm64": "2.7.0"
      }
    },
    "node_modules/turbo-darwin-64": {
      "version": "2.7.0",
      "resolved": "https://registry.npmjs.org/turbo-darwin-64/-/turbo-darwin-64-2.7.0.tgz",
      "integrity": "sha512-gwqL7cJOSYrV/jNmhXM8a2uzSFn7GcUASOuen6OgmUsafUj9SSWcgXZ/q0w9hRoL917hpidkdI//UpbxbZbwwg==",
      "cpu": [
        "x64"
      ],
      "dev": true,
      "license": "MIT",
      "optional": true,
      "os": [
        "darwin"
      ]
    },
    "node_modules/turbo-darwin-arm64": {
      "version": "2.7.0",
      "resolved": "https://registry.npmjs.org/turbo-darwin-arm64/-/turbo-darwin-arm64-2.7.0.tgz",
      "integrity": "sha512-f3F5DYOnfE6lR6v/rSld7QGZgartKsnlIYY7jcF/AA7Wz27za9XjxMHzb+3i4pvRhAkryFgf2TNq7eCFrzyTpg==",
      "cpu": [
        "arm64"
      ],
      "dev": true,
      "license": "MIT",
      "optional": true,
      "os": [
        "darwin"
      ]
    },
    "node_modules/turbo-linux-64": {
      "version": "2.7.0",
      "resolved": "https://registry.npmjs.org/turbo-linux-64/-/turbo-linux-64-2.7.0.tgz",
      "integrity": "sha512-KsC+UuKlhjCL+lom10/IYoxUsdhJOsuEki72YSr7WGYUSRihcdJQnaUyIDTlm0nPOb+gVihVNBuVP4KsNg1UnA==",
      "cpu": [
        "x64"
      ],
      "dev": true,
      "license": "MIT",
      "optional": true,
      "os": [
        "linux"
      ]
    },
    "node_modules/turbo-linux-arm64": {
      "version": "2.7.0",
      "resolved": "https://registry.npmjs.org/turbo-linux-arm64/-/turbo-linux-arm64-2.7.0.tgz",
      "integrity": "sha512-1tjIYULeJtpmE/ovoI9qPBFJCtUEM7mYfeIMOIs4bXR6t/8u+rHPwr3j+vRHcXanIc42V1n3Pz52VqmJtIAviw==",
      "cpu": [
        "arm64"
      ],
      "dev": true,
      "license": "MIT",
      "optional": true,
      "os": [
        "linux"
      ]
    },
    "node_modules/turbo-windows-64": {
      "version": "2.7.0",
      "resolved": "https://registry.npmjs.org/turbo-windows-64/-/turbo-windows-64-2.7.0.tgz",
      "integrity": "sha512-KThkAeax46XiH+qICCQm7R8V2pPdeTTP7ArCSRrSLqnlO75ftNm8Ljx4VAllwIZkILrq/GDM8PlyhZdPeUdDxQ==",
      "cpu": [
        "x64"
      ],
      "dev": true,
      "license": "MIT",
      "optional": true,
      "os": [
        "win32"
      ]
    },
    "node_modules/turbo-windows-arm64": {
      "version": "2.7.0",
      "resolved": "https://registry.npmjs.org/turbo-windows-arm64/-/turbo-windows-arm64-2.7.0.tgz",
      "integrity": "sha512-kzI6rsQ3Ejs+CkM9HEEP3Z4h5YMCRxwIlQXFQmgXSG3BIgorCkRF2Xr7iQ2i9AGwY/6jbiAYeJbvi3yCp+noFw==",
      "cpu": [
        "arm64"
      ],
      "dev": true,
      "license": "MIT",
      "optional": true,
      "os": [
        "win32"
      ]
    },
    "node_modules/typescript": {
      "version": "5.9.2",
      "resolved": "https://registry.npmjs.org/typescript/-/typescript-5.9.2.tgz",
      "integrity": "sha512-CWBzXQrc/qOkhidw1OzBTQuYRbfyxDXJMVJ1XNwUHGROVmuaeiEm3OslpZ1RV96d7SKKjZKrSJu3+t/xlw3R9A==",
      "dev": true,
      "license": "Apache-2.0",
      "bin": {
        "tsc": "bin/tsc",
        "tsserver": "bin/tsserver"
      },
      "engines": {
        "node": ">=14.17"
      }
    }
  }
}
